// !$*UTF8*$!
{
	archiveVersion = 1;
	classes = {
	};
	objectVersion = 46;
	objects = {

/* Begin PBXBuildFile section */
		462F4D531EA887E400223CCF /* LXButton.m in Sources */ = {isa = PBXBuildFile; fileRef = 462F4D521EA887E400223CCF /* LXButton.m */; };
		462F4D581EA8880B00223CCF /* CaculatorMaker.m in Sources */ = {isa = PBXBuildFile; fileRef = 462F4D551EA8880B00223CCF /* CaculatorMaker.m */; };
		462F4D591EA8880B00223CCF /* NSObject+CaculatorMaker.m in Sources */ = {isa = PBXBuildFile; fileRef = 462F4D571EA8880B00223CCF /* NSObject+CaculatorMaker.m */; };
		462F4D5D1EA8BF7F00223CCF /* Person.m in Sources */ = {isa = PBXBuildFile; fileRef = 462F4D5C1EA8BF7F00223CCF /* Person.m */; };
		462F4D601EA8D7E300223CCF /* NSObject+LXKVO.m in Sources */ = {isa = PBXBuildFile; fileRef = 462F4D5F1EA8D7E300223CCF /* NSObject+LXKVO.m */; };
		466833571EA9A79F00351C00 /* sumManager.m in Sources */ = {isa = PBXBuildFile; fileRef = 466833561EA9A79F00351C00 /* sumManager.m */; };
		466C95F61EA4AB1E00947A2D /* main.m in Sources */ = {isa = PBXBuildFile; fileRef = 466C95F51EA4AB1E00947A2D /* main.m */; };
		466C95F91EA4AB1E00947A2D /* AppDelegate.m in Sources */ = {isa = PBXBuildFile; fileRef = 466C95F81EA4AB1E00947A2D /* AppDelegate.m */; };
		466C95FC1EA4AB1E00947A2D /* ViewController.m in Sources */ = {isa = PBXBuildFile; fileRef = 466C95FB1EA4AB1E00947A2D /* ViewController.m */; };
		466C95FF1EA4AB1E00947A2D /* Main.storyboard in Resources */ = {isa = PBXBuildFile; fileRef = 466C95FD1EA4AB1E00947A2D /* Main.storyboard */; };
		466C96011EA4AB1E00947A2D /* Assets.xcassets in Resources */ = {isa = PBXBuildFile; fileRef = 466C96001EA4AB1E00947A2D /* Assets.xcassets */; };
		466C96041EA4AB1E00947A2D /* LaunchScreen.storyboard in Resources */ = {isa = PBXBuildFile; fileRef = 466C96021EA4AB1E00947A2D /* LaunchScreen.storyboard */; };
/* End PBXBuildFile section */

/* Begin PBXFileReference section */
		462F4D511EA887E400223CCF /* LXButton.h */ = {isa = PBXFileReference; fileEncoding = 4; lastKnownFileType = sourcecode.c.h; name = LXButton.h; path = "链式编程-UIbutton/LXButton.h"; sourceTree = "<group>"; };
		462F4D521EA887E400223CCF /* LXButton.m */ = {isa = PBXFileReference; fileEncoding = 4; lastKnownFileType = sourcecode.c.objc; name = LXButton.m; path = "链式编程-UIbutton/LXButton.m"; sourceTree = "<group>"; };
		462F4D541EA8880B00223CCF /* CaculatorMaker.h */ = {isa = PBXFileReference; fileEncoding = 4; lastKnownFileType = sourcecode.c.h; name = CaculatorMaker.h; path = "链式编程-caculator/CaculatorMaker.h"; sourceTree = "<group>"; };
		462F4D551EA8880B00223CCF /* CaculatorMaker.m */ = {isa = PBXFileReference; fileEncoding = 4; lastKnownFileType = sourcecode.c.objc; name = CaculatorMaker.m; path = "链式编程-caculator/CaculatorMaker.m"; sourceTree = "<group>"; };
		462F4D561EA8880B00223CCF /* NSObject+CaculatorMaker.h */ = {isa = PBXFileReference; fileEncoding = 4; lastKnownFileType = sourcecode.c.h; name = "NSObject+CaculatorMaker.h"; path = "链式编程-caculator/NSObject+CaculatorMaker.h"; sourceTree = "<group>"; };
		462F4D571EA8880B00223CCF /* NSObject+CaculatorMaker.m */ = {isa = PBXFileReference; fileEncoding = 4; lastKnownFileType = sourcecode.c.objc; name = "NSObject+CaculatorMaker.m"; path = "链式编程-caculator/NSObject+CaculatorMaker.m"; sourceTree = "<group>"; };
		462F4D5B1EA8BF7F00223CCF /* Person.h */ = {isa = PBXFileReference; fileEncoding = 4; lastKnownFileType = sourcecode.c.h; name = Person.h; path = "响应式编程/Person.h"; sourceTree = "<group>"; };
		462F4D5C1EA8BF7F00223CCF /* Person.m */ = {isa = PBXFileReference; fileEncoding = 4; lastKnownFileType = sourcecode.c.objc; name = Person.m; path = "响应式编程/Person.m"; sourceTree = "<group>"; };
		462F4D5E1EA8D7E300223CCF /* NSObject+LXKVO.h */ = {isa = PBXFileReference; fileEncoding = 4; lastKnownFileType = sourcecode.c.h; name = "NSObject+LXKVO.h"; path = "响应式编程/NSObject+LXKVO.h"; sourceTree = "<group>"; };
		462F4D5F1EA8D7E300223CCF /* NSObject+LXKVO.m */ = {isa = PBXFileReference; fileEncoding = 4; lastKnownFileType = sourcecode.c.objc; name = "NSObject+LXKVO.m"; path = "响应式编程/NSObject+LXKVO.m"; sourceTree = "<group>"; };
		466833551EA9A79F00351C00 /* sumManager.h */ = {isa = PBXFileReference; fileEncoding = 4; lastKnownFileType = sourcecode.c.h; name = sumManager.h; path = "函数式编程/sumManager.h"; sourceTree = "<group>"; };
		466833561EA9A79F00351C00 /* sumManager.m */ = {isa = PBXFileReference; fileEncoding = 4; lastKnownFileType = sourcecode.c.objc; name = sumManager.m; path = "函数式编程/sumManager.m"; sourceTree = "<group>"; };
		466C95F11EA4AB1E00947A2D /* LXProgrammeModel_Demo.app */ = {isa = PBXFileReference; explicitFileType = wrapper.application; includeInIndex = 0; path = LXProgrammeModel_Demo.app; sourceTree = BUILT_PRODUCTS_DIR; };
		466C95F51EA4AB1E00947A2D /* main.m */ = {isa = PBXFileReference; lastKnownFileType = sourcecode.c.objc; path = main.m; sourceTree = "<group>"; };
		466C95F71EA4AB1E00947A2D /* AppDelegate.h */ = {isa = PBXFileReference; lastKnownFileType = sourcecode.c.h; path = AppDelegate.h; sourceTree = "<group>"; };
		466C95F81EA4AB1E00947A2D /* AppDelegate.m */ = {isa = PBXFileReference; lastKnownFileType = sourcecode.c.objc; path = AppDelegate.m; sourceTree = "<group>"; };
		466C95FA1EA4AB1E00947A2D /* ViewController.h */ = {isa = PBXFileReference; lastKnownFileType = sourcecode.c.h; path = ViewController.h; sourceTree = "<group>"; };
		466C95FB1EA4AB1E00947A2D /* ViewController.m */ = {isa = PBXFileReference; lastKnownFileType = sourcecode.c.objc; path = ViewController.m; sourceTree = "<group>"; };
		466C95FE1EA4AB1E00947A2D /* Base */ = {isa = PBXFileReference; lastKnownFileType = file.storyboard; name = Base; path = Base.lproj/Main.storyboard; sourceTree = "<group>"; };
		466C96001EA4AB1E00947A2D /* Assets.xcassets */ = {isa = PBXFileReference; lastKnownFileType = folder.assetcatalog; path = Assets.xcassets; sourceTree = "<group>"; };
		466C96031EA4AB1E00947A2D /* Base */ = {isa = PBXFileReference; lastKnownFileType = file.storyboard; name = Base; path = Base.lproj/LaunchScreen.storyboard; sourceTree = "<group>"; };
		466C96051EA4AB1E00947A2D /* Info.plist */ = {isa = PBXFileReference; lastKnownFileType = text.plist.xml; path = Info.plist; sourceTree = "<group>"; };
/* End PBXFileReference section */

/* Begin PBXFrameworksBuildPhase section */
		466C95EE1EA4AB1E00947A2D /* Frameworks */ = {
			isa = PBXFrameworksBuildPhase;
			buildActionMask = 2147483647;
			files = (
			);
			runOnlyForDeploymentPostprocessing = 0;
		};
/* End PBXFrameworksBuildPhase section */

/* Begin PBXGroup section */
		462F4D501EA8879900223CCF /* 链式编程-UIbutton */ = {
			isa = PBXGroup;
			children = (
				462F4D511EA887E400223CCF /* LXButton.h */,
				462F4D521EA887E400223CCF /* LXButton.m */,
			);
			name = "链式编程-UIbutton";
			sourceTree = "<group>";
		};
		462F4D5A1EA8BE0600223CCF /* 响应式编程-自定义KVO */ = {
			isa = PBXGroup;
			children = (
				462F4D5B1EA8BF7F00223CCF /* Person.h */,
				462F4D5C1EA8BF7F00223CCF /* Person.m */,
				462F4D5E1EA8D7E300223CCF /* NSObject+LXKVO.h */,
				462F4D5F1EA8D7E300223CCF /* NSObject+LXKVO.m */,
			);
			name = "响应式编程-自定义KVO";
			sourceTree = "<group>";
		};
		466833541EA9A77600351C00 /* 函数式编程 */ = {
			isa = PBXGroup;
			children = (
				466833551EA9A79F00351C00 /* sumManager.h */,
				466833561EA9A79F00351C00 /* sumManager.m */,
			);
			name = "函数式编程";
			sourceTree = "<group>";
		};
		466C95E81EA4AB1E00947A2D = {
			isa = PBXGroup;
			children = (
				466C95F31EA4AB1E00947A2D /* LXProgrammeModel_Demo */,
				466C95F21EA4AB1E00947A2D /* Products */,
			);
			sourceTree = "<group>";
		};
		466C95F21EA4AB1E00947A2D /* Products */ = {
			isa = PBXGroup;
			children = (
				466C95F11EA4AB1E00947A2D /* LXProgrammeModel_Demo.app */,
			);
			name = Products;
			sourceTree = "<group>";
		};
		466C95F31EA4AB1E00947A2D /* LXProgrammeModel_Demo */ = {
			isa = PBXGroup;
			children = (
				466833541EA9A77600351C00 /* 函数式编程 */,
				462F4D5A1EA8BE0600223CCF /* 响应式编程-自定义KVO */,
				462F4D501EA8879900223CCF /* 链式编程-UIbutton */,
				466C960B1EA4AB8000947A2D /* 链式编程-caculator */,
				466C95F71EA4AB1E00947A2D /* AppDelegate.h */,
				466C95F81EA4AB1E00947A2D /* AppDelegate.m */,
				466C95FA1EA4AB1E00947A2D /* ViewController.h */,
				466C95FB1EA4AB1E00947A2D /* ViewController.m */,
				466C95FD1EA4AB1E00947A2D /* Main.storyboard */,
				466C96001EA4AB1E00947A2D /* Assets.xcassets */,
				466C96021EA4AB1E00947A2D /* LaunchScreen.storyboard */,
				466C96051EA4AB1E00947A2D /* Info.plist */,
				466C95F41EA4AB1E00947A2D /* Supporting Files */,
			);
			path = LXProgrammeModel_Demo;
			sourceTree = "<group>";
		};
		466C95F41EA4AB1E00947A2D /* Supporting Files */ = {
			isa = PBXGroup;
			children = (
				466C95F51EA4AB1E00947A2D /* main.m */,
			);
			name = "Supporting Files";
			sourceTree = "<group>";
		};
		466C960B1EA4AB8000947A2D /* 链式编程-caculator */ = {
			isa = PBXGroup;
			children = (
				462F4D541EA8880B00223CCF /* CaculatorMaker.h */,
				462F4D551EA8880B00223CCF /* CaculatorMaker.m */,
				462F4D561EA8880B00223CCF /* NSObject+CaculatorMaker.h */,
				462F4D571EA8880B00223CCF /* NSObject+CaculatorMaker.m */,
			);
			name = "链式编程-caculator";
			sourceTree = "<group>";
		};
/* End PBXGroup section */

/* Begin PBXNativeTarget section */
		466C95F01EA4AB1E00947A2D /* LXProgrammeModel_Demo */ = {
			isa = PBXNativeTarget;
			buildConfigurationList = 466C96081EA4AB1E00947A2D /* Build configuration list for PBXNativeTarget "LXProgrammeModel_Demo" */;
			buildPhases = (
				466C95ED1EA4AB1E00947A2D /* Sources */,
				466C95EE1EA4AB1E00947A2D /* Frameworks */,
				466C95EF1EA4AB1E00947A2D /* Resources */,
			);
			buildRules = (
			);
			dependencies = (
			);
			name = LXProgrammeModel_Demo;
			productName = LXProgrammeModel_Demo;
			productReference = 466C95F11EA4AB1E00947A2D /* LXProgrammeModel_Demo.app */;
			productType = "com.apple.product-type.application";
		};
/* End PBXNativeTarget section */

/* Begin PBXProject section */
		466C95E91EA4AB1E00947A2D /* Project object */ = {
			isa = PBXProject;
			attributes = {
				LastUpgradeCheck = 0820;
				ORGANIZATIONNAME = minxing;
				TargetAttributes = {
					466C95F01EA4AB1E00947A2D = {
						CreatedOnToolsVersion = 8.2.1;
						DevelopmentTeam = 2STZ5AM32F;
						ProvisioningStyle = Automatic;
					};
				};
			};
			buildConfigurationList = 466C95EC1EA4AB1E00947A2D /* Build configuration list for PBXProject "LXProgrammeModel_Demo" */;
			compatibilityVersion = "Xcode 3.2";
			developmentRegion = English;
			hasScannedForEncodings = 0;
			knownRegions = (
				en,
				Base,
			);
			mainGroup = 466C95E81EA4AB1E00947A2D;
			productRefGroup = 466C95F21EA4AB1E00947A2D /* Products */;
			projectDirPath = "";
			projectRoot = "";
			targets = (
				466C95F01EA4AB1E00947A2D /* LXProgrammeModel_Demo */,
			);
		};
/* End PBXProject section */

/* Begin PBXResourcesBuildPhase section */
		466C95EF1EA4AB1E00947A2D /* Resources */ = {
			isa = PBXResourcesBuildPhase;
			buildActionMask = 2147483647;
			files = (
				466C96041EA4AB1E00947A2D /* LaunchScreen.storyboard in Resources */,
				466C96011EA4AB1E00947A2D /* Assets.xcassets in Resources */,
				466C95FF1EA4AB1E00947A2D /* Main.storyboard in Resources */,
			);
			runOnlyForDeploymentPostprocessing = 0;
		};
/* End PBXResourcesBuildPhase section */

/* Begin PBXSourcesBuildPhase section */
		466C95ED1EA4AB1E00947A2D /* Sources */ = {
			isa = PBXSourcesBuildPhase;
			buildActionMask = 2147483647;
			files = (
				466C95FC1EA4AB1E00947A2D /* ViewController.m in Sources */,
				466C95F91EA4AB1E00947A2D /* AppDelegate.m in Sources */,
				466833571EA9A79F00351C00 /* sumManager.m in Sources */,
				462F4D601EA8D7E300223CCF /* NSObject+LXKVO.m in Sources */,
				462F4D5D1EA8BF7F00223CCF /* Person.m in Sources */,
				462F4D581EA8880B00223CCF /* CaculatorMaker.m in Sources */,
				462F4D531EA887E400223CCF /* LXButton.m in Sources */,
				462F4D591EA8880B00223CCF /* NSObject+CaculatorMaker.m in Sources */,
				466C95F61EA4AB1E00947A2D /* main.m in Sources */,
			);
			runOnlyForDeploymentPostprocessing = 0;
		};
/* End PBXSourcesBuildPhase section */

/* Begin PBXVariantGroup section */
		466C95FD1EA4AB1E00947A2D /* Main.storyboard */ = {
			isa = PBXVariantGroup;
			children = (
				466C95FE1EA4AB1E00947A2D /* Base */,
			);
			name = Main.storyboard;
			sourceTree = "<group>";
		};
		466C96021EA4AB1E00947A2D /* LaunchScreen.storyboard */ = {
			isa = PBXVariantGroup;
			children = (
				466C96031EA4AB1E00947A2D /* Base */,
			);
			name = LaunchScreen.storyboard;
			sourceTree = "<group>";
		};
/* End PBXVariantGroup section */

/* Begin XCBuildConfiguration section */
		466C96061EA4AB1E00947A2D /* Debug */ = {
			isa = XCBuildConfiguration;
			buildSettings = {
				ALWAYS_SEARCH_USER_PATHS = NO;
				CLANG_ANALYZER_NONNULL = YES;
				CLANG_CXX_LANGUAGE_STANDARD = "gnu++0x";
				CLANG_CXX_LIBRARY = "libc++";
				CLANG_ENABLE_MODULES = YES;
				CLANG_ENABLE_OBJC_ARC = YES;
				CLANG_WARN_BOOL_CONVERSION = YES;
				CLANG_WARN_CONSTANT_CONVERSION = YES;
				CLANG_WARN_DIRECT_OBJC_ISA_USAGE = YES_ERROR;
				CLANG_WARN_DOCUMENTATION_COMMENTS = YES;
				CLANG_WARN_EMPTY_BODY = YES;
				CLANG_WARN_ENUM_CONVERSION = YES;
				CLANG_WARN_INFINITE_RECURSION = YES;
				CLANG_WARN_INT_CONVERSION = YES;
				CLANG_WARN_OBJC_ROOT_CLASS = YES_ERROR;
				CLANG_WARN_SUSPICIOUS_MOVE = YES;
				CLANG_WARN_UNREACHABLE_CODE = YES;
				CLANG_WARN__DUPLICATE_METHOD_MATCH = YES;
				"CODE_SIGN_IDENTITY[sdk=iphoneos*]" = "iPhone Developer";
				COPY_PHASE_STRIP = NO;
				DEBUG_INFORMATION_FORMAT = dwarf;
				ENABLE_STRICT_OBJC_MSGSEND = YES;
				ENABLE_TESTABILITY = YES;
				GCC_C_LANGUAGE_STANDARD = gnu99;
				GCC_DYNAMIC_NO_PIC = NO;
				GCC_NO_COMMON_BLOCKS = YES;
				GCC_OPTIMIZATION_LEVEL = 0;
				GCC_PREPROCESSOR_DEFINITIONS = (
					"DEBUG=1",
					"$(inherited)",
				);
				GCC_WARN_64_TO_32_BIT_CONVERSION = YES;
				GCC_WARN_ABOUT_RETURN_TYPE = YES_ERROR;
				GCC_WARN_UNDECLARED_SELECTOR = YES;
				GCC_WARN_UNINITIALIZED_AUTOS = YES_AGGRESSIVE;
				GCC_WARN_UNUSED_FUNCTION = YES;
				GCC_WARN_UNUSED_VARIABLE = YES;
				IPHONEOS_DEPLOYMENT_TARGET = 10.2;
				MTL_ENABLE_DEBUG_INFO = YES;
				ONLY_ACTIVE_ARCH = YES;
				SDKROOT = iphoneos;
			};
			name = Debug;
		};
		466C96071EA4AB1E00947A2D /* Release */ = {
			isa = XCBuildConfiguration;
			buildSettings = {
				ALWAYS_SEARCH_USER_PATHS = NO;
				CLANG_ANALYZER_NONNULL = YES;
				CLANG_CXX_LANGUAGE_STANDARD = "gnu++0x";
				CLANG_CXX_LIBRARY = "libc++";
				CLANG_ENABLE_MODULES = YES;
				CLANG_ENABLE_OBJC_ARC = YES;
				CLANG_WARN_BOOL_CONVERSION = YES;
				CLANG_WARN_CONSTANT_CONVERSION = YES;
				CLANG_WARN_DIRECT_OBJC_ISA_USAGE = YES_ERROR;
				CLANG_WARN_DOCUMENTATION_COMMENTS = YES;
				CLANG_WARN_EMPTY_BODY = YES;
				CLANG_WARN_ENUM_CONVERSION = YES;
				CLANG_WARN_INFINITE_RECURSION = YES;
				CLANG_WARN_INT_CONVERSION = YES;
				CLANG_WARN_OBJC_ROOT_CLASS = YES_ERROR;
				CLANG_WARN_SUSPICIOUS_MOVE = YES;
				CLANG_WARN_UNREACHABLE_CODE = YES;
				CLANG_WARN__DUPLICATE_METHOD_MATCH = YES;
				"CODE_SIGN_IDENTITY[sdk=iphoneos*]" = "iPhone Developer";
				COPY_PHASE_STRIP = NO;
				DEBUG_INFORMATION_FORMAT = "dwarf-with-dsym";
				ENABLE_NS_ASSERTIONS = NO;
				ENABLE_STRICT_OBJC_MSGSEND = YES;
				GCC_C_LANGUAGE_STANDARD = gnu99;
				GCC_NO_COMMON_BLOCKS = YES;
				GCC_WARN_64_TO_32_BIT_CONVERSION = YES;
				GCC_WARN_ABOUT_RETURN_TYPE = YES_ERROR;
				GCC_WARN_UNDECLARED_SELECTOR = YES;
				GCC_WARN_UNINITIALIZED_AUTOS = YES_AGGRESSIVE;
				GCC_WARN_UNUSED_FUNCTION = YES;
				GCC_WARN_UNUSED_VARIABLE = YES;
				IPHONEOS_DEPLOYMENT_TARGET = 10.2;
				MTL_ENABLE_DEBUG_INFO = NO;
				SDKROOT = iphoneos;
				VALIDATE_PRODUCT = YES;
			};
			name = Release;
		};
		466C96091EA4AB1E00947A2D /* Debug */ = {
			isa = XCBuildConfiguration;
			buildSettings = {
				ASSETCATALOG_COMPILER_APPICON_NAME = AppIcon;
				DEVELOPMENT_TEAM = 2STZ5AM32F;
				ENABLE_STRICT_OBJC_MSGSEND = NO;
				INFOPLIST_FILE = LXProgrammeModel_Demo/Info.plist;
				LD_RUNPATH_SEARCH_PATHS = "$(inherited) @executable_path/Frameworks";
				PRODUCT_BUNDLE_IDENTIFIER = "com.minxing.LXProgrammeModel-Demo";
				PRODUCT_NAME = "$(TARGET_NAME)";
			};
			name = Debug;
		};
		466C960A1EA4AB1E00947A2D /* Release */ = {
			isa = XCBuildConfiguration;
			buildSettings = {
				ASSETCATALOG_COMPILER_APPICON_NAME = AppIcon;
				DEVELOPMENT_TEAM = 2STZ5AM32F;
				ENABLE_STRICT_OBJC_MSGSEND = NO;
				INFOPLIST_FILE = LXProgrammeModel_Demo/Info.plist;
				LD_RUNPATH_SEARCH_PATHS = "$(inherited) @executable_path/Frameworks";
				PRODUCT_BUNDLE_IDENTIFIER = "com.minxing.LXProgrammeModel-Demo";
				PRODUCT_NAME = "$(TARGET_NAME)";
			};
			name = Release;
		};
/* End XCBuildConfiguration section */

/* Begin XCConfigurationList section */
		466C95EC1EA4AB1E00947A2D /* Build configuration list for PBXProject "LXProgrammeModel_Demo" */ = {
			isa = XCConfigurationList;
			buildConfigurations = (
				466C96061EA4AB1E00947A2D /* Debug */,
				466C96071EA4AB1E00947A2D /* Release */,
			);
			defaultConfigurationIsVisible = 0;
			defaultConfigurationName = Release;
		};
		466C96081EA4AB1E00947A2D /* Build configuration list for PBXNativeTarget "LXProgrammeModel_Demo" */ = {
			isa = XCConfigurationList;
			buildConfigurations = (
				466C96091EA4AB1E00947A2D /* Debug */,
				466C960A1EA4AB1E00947A2D /* Release */,
			);
			defaultConfigurationIsVisible = 0;
			defaultConfigurationName = Release;
		};
/* End XCConfigurationList section */
	};
	rootObject = 466C95E91EA4AB1E00947A2D /* Project object */;
}
